
Microsoft Visual Studio Solution File, Format Version 12.00
# Visual Studio 15
VisualStudioVersion = 15.0.27703.2026
MinimumVisualStudioVersion = 10.0.40219.1
Project("{8BC9CEB8-8B4A-11D0-8D11-00A0C91BC942}") = "OpenCV_Example", "OpenCV_Example\OpenCV_Example.vcxproj", "{D13AC72B-E529-4ED9-B805-0E7FD60149B2}"
EndProject
Project("{8BC9CEB8-8B4A-11D0-8D11-00A0C91BC942}") = "OpenCV_Intro", "OpenCV_Intro\OpenCV_Intro.vcxproj", "{72A84166-D4F1-4E4F-9E8A-2EF98957DCC4}"
EndProject
Global
	GlobalSection(SolutionConfigurationPlatforms) = preSolution
		Debug|x64 = Debug|x64
		Debug|x86 = Debug|x86
		Release|x64 = Release|x64
		Release|x86 = Release|x86
	EndGlobalSection
	GlobalSection(ProjectConfigurationPlatforms) = postSolution
		{D13AC72B-E529-4ED9-B805-0E7FD60149B2}.Debug|x64.ActiveCfg = Debug|x64
		{D13AC72B-E529-4ED9-B805-0E7FD60149B2}.Debug|x64.Build.0 = Debug|x64
		{D13AC72B-E529-4ED9-B805-0E7FD60149B2}.Debug|x86.ActiveCfg = Debug|Win32
		{D13AC72B-E529-4ED9-B805-0E7FD60149B2}.Debug|x86.Build.0 = Debug|Win32
		{D13AC72B-E529-4ED9-B805-0E7FD60149B2}.Release|x64.ActiveCfg = Release|x64
		{D13AC72B-E529-4ED9-B805-0E7FD60149B2}.Release|x64.Build.0 = Release|x64
		{D13AC72B-E529-4ED9-B805-0E7FD60149B2}.Release|x86.ActiveCfg = Release|Win32
		{D13AC72B-E529-4ED9-B805-0E7FD60149B2}.Release|x86.Build.0 = Release|Win32
		{72A84166-D4F1-4E4F-9E8A-2EF98957DCC4}.Debug|x64.ActiveCfg = Debug|x64
		{72A84166-D4F1-4E4F-9E8A-2EF98957DCC4}.Debug|x64.Build.0 = Debug|x64
		{72A84166-D4F1-4E4F-9E8A-2EF98957DCC4}.Debug|x86.ActiveCfg = Debug|Win32
		{72A84166-D4F1-4E4F-9E8A-2EF98957DCC4}.Debug|x86.Build.0 = Debug|Win32
		{72A84166-D4F1-4E4F-9E8A-2EF98957DCC4}.Release|x64.ActiveCfg = Release|x64
		{72A84166-D4F1-4E4F-9E8A-2EF98957DCC4}.Release|x64.Build.0 = Release|x64
		{72A84166-D4F1-4E4F-9E8A-2EF98957DCC4}.Release|x86.ActiveCfg = Release|Win32
		{72A84166-D4F1-4E4F-9E8A-2EF98957DCC4}.Release|x86.Build.0 = Release|Win32
	EndGlobalSection
	GlobalSection(SolutionProperties) = preSolution
		HideSolutionNode = FALSE
	EndGlobalSection
	GlobalSection(ExtensibilityGlobals) = postSolution
		SolutionGuid = {68857A46-0029-4FE2-830F-BDC6CA11FC7A}
	EndGlobalSection
EndGlobal
